// !$*UTF8*$!
{
	archiveVersion = 1;
	classes = {
	};
	objectVersion = 46;
	objects = {

/* Begin PBXBuildFile section */
		54056BC51D8E3E35005522CA /* ItemDetailViewController.swift in Sources */ = {isa = PBXBuildFile; fileRef = 54056BC41D8E3E35005522CA /* ItemDetailViewController.swift */; };
		542A73001D8D7022001930DA /* ChecklistItem.swift in Sources */ = {isa = PBXBuildFile; fileRef = 542A72FF1D8D7022001930DA /* ChecklistItem.swift */; };
		54594B581D8D491700BC5BC0 /* AppDelegate.swift in Sources */ = {isa = PBXBuildFile; fileRef = 54594B571D8D491700BC5BC0 /* AppDelegate.swift */; };
		54594B5A1D8D491700BC5BC0 /* ChecklistViewController.swift in Sources */ = {isa = PBXBuildFile; fileRef = 54594B591D8D491700BC5BC0 /* ChecklistViewController.swift */; };
		54594B5D1D8D491700BC5BC0 /* Main.storyboard in Resources */ = {isa = PBXBuildFile; fileRef = 54594B5B1D8D491700BC5BC0 /* Main.storyboard */; };
		54594B5F1D8D491700BC5BC0 /* Assets.xcassets in Resources */ = {isa = PBXBuildFile; fileRef = 54594B5E1D8D491700BC5BC0 /* Assets.xcassets */; };
		54594B621D8D491700BC5BC0 /* LaunchScreen.storyboard in Resources */ = {isa = PBXBuildFile; fileRef = 54594B601D8D491700BC5BC0 /* LaunchScreen.storyboard */; };
		545FDB0C1D92723800ECB9AE /* DataModel.swift in Sources */ = {isa = PBXBuildFile; fileRef = 545FDB0B1D92723800ECB9AE /* DataModel.swift */; };
		546FED451D8FC61600F37955 /* AllListsViewController.swift in Sources */ = {isa = PBXBuildFile; fileRef = 546FED441D8FC61600F37955 /* AllListsViewController.swift */; };
		546FED471D8FD76100F37955 /* Checklist.swift in Sources */ = {isa = PBXBuildFile; fileRef = 546FED461D8FD76100F37955 /* Checklist.swift */; };
		546FED491D90169900F37955 /* ListDetailViewController.swift in Sources */ = {isa = PBXBuildFile; fileRef = 546FED481D90169900F37955 /* ListDetailViewController.swift */; };
/* End PBXBuildFile section */

/* Begin PBXFileReference section */
		54056BC41D8E3E35005522CA /* ItemDetailViewController.swift */ = {isa = PBXFileReference; fileEncoding = 4; lastKnownFileType = sourcecode.swift; path = ItemDetailViewController.swift; sourceTree = "<group>"; };
		542A72FF1D8D7022001930DA /* ChecklistItem.swift */ = {isa = PBXFileReference; fileEncoding = 4; lastKnownFileType = sourcecode.swift; path = ChecklistItem.swift; sourceTree = "<group>"; };
		54594B541D8D491700BC5BC0 /* Checklists.app */ = {isa = PBXFileReference; explicitFileType = wrapper.application; includeInIndex = 0; path = Checklists.app; sourceTree = BUILT_PRODUCTS_DIR; };
		54594B571D8D491700BC5BC0 /* AppDelegate.swift */ = {isa = PBXFileReference; lastKnownFileType = sourcecode.swift; path = AppDelegate.swift; sourceTree = "<group>"; };
		54594B591D8D491700BC5BC0 /* ChecklistViewController.swift */ = {isa = PBXFileReference; lastKnownFileType = sourcecode.swift; path = ChecklistViewController.swift; sourceTree = "<group>"; };
		54594B5C1D8D491700BC5BC0 /* Base */ = {isa = PBXFileReference; lastKnownFileType = file.storyboard; name = Base; path = Base.lproj/Main.storyboard; sourceTree = "<group>"; };
		54594B5E1D8D491700BC5BC0 /* Assets.xcassets */ = {isa = PBXFileReference; lastKnownFileType = folder.assetcatalog; path = Assets.xcassets; sourceTree = "<group>"; };
		54594B611D8D491700BC5BC0 /* Base */ = {isa = PBXFileReference; lastKnownFileType = file.storyboard; name = Base; path = Base.lproj/LaunchScreen.storyboard; sourceTree = "<group>"; };
		54594B631D8D491700BC5BC0 /* Info.plist */ = {isa = PBXFileReference; lastKnownFileType = text.plist.xml; path = Info.plist; sourceTree = "<group>"; };
		545FDB0B1D92723800ECB9AE /* DataModel.swift */ = {isa = PBXFileReference; fileEncoding = 4; lastKnownFileType = sourcecode.swift; path = DataModel.swift; sourceTree = "<group>"; };
		546FED441D8FC61600F37955 /* AllListsViewController.swift */ = {isa = PBXFileReference; fileEncoding = 4; lastKnownFileType = sourcecode.swift; path = AllListsViewController.swift; sourceTree = "<group>"; };
		546FED461D8FD76100F37955 /* Checklist.swift */ = {isa = PBXFileReference; fileEncoding = 4; lastKnownFileType = sourcecode.swift; path = Checklist.swift; sourceTree = "<group>"; };
		546FED481D90169900F37955 /* ListDetailViewController.swift */ = {isa = PBXFileReference; fileEncoding = 4; lastKnownFileType = sourcecode.swift; path = ListDetailViewController.swift; sourceTree = "<group>"; };
/* End PBXFileReference section */

/* Begin PBXFrameworksBuildPhase section */
		54594B511D8D491700BC5BC0 /* Frameworks */ = {
			isa = PBXFrameworksBuildPhase;
			buildActionMask = 2147483647;
			files = (
			);
			runOnlyForDeploymentPostprocessing = 0;
		};
/* End PBXFrameworksBuildPhase section */

/* Begin PBXGroup section */
		54594B4B1D8D491700BC5BC0 = {
			isa = PBXGroup;
			children = (
				54594B561D8D491700BC5BC0 /* Checklists */,
				54594B551D8D491700BC5BC0 /* Products */,
			);
			sourceTree = "<group>";
		};
		54594B551D8D491700BC5BC0 /* Products */ = {
			isa = PBXGroup;
			children = (
				54594B541D8D491700BC5BC0 /* Checklists.app */,
			);
			name = Products;
			sourceTree = "<group>";
		};
		54594B561D8D491700BC5BC0 /* Checklists */ = {
			isa = PBXGroup;
			children = (
				54594B5B1D8D491700BC5BC0 /* Main.storyboard */,
				54594B571D8D491700BC5BC0 /* AppDelegate.swift */,
				545FDB0B1D92723800ECB9AE /* DataModel.swift */,
				546FED441D8FC61600F37955 /* AllListsViewController.swift */,
				546FED461D8FD76100F37955 /* Checklist.swift */,
				54594B591D8D491700BC5BC0 /* ChecklistViewController.swift */,
				542A72FF1D8D7022001930DA /* ChecklistItem.swift */,
				54056BC41D8E3E35005522CA /* ItemDetailViewController.swift */,
				546FED481D90169900F37955 /* ListDetailViewController.swift */,
				54594B5E1D8D491700BC5BC0 /* Assets.xcassets */,
				54594B601D8D491700BC5BC0 /* LaunchScreen.storyboard */,
				54594B631D8D491700BC5BC0 /* Info.plist */,
			);
			path = Checklists;
			sourceTree = "<group>";
		};
/* End PBXGroup section */

/* Begin PBXNativeTarget section */
		54594B531D8D491700BC5BC0 /* Checklists */ = {
			isa = PBXNativeTarget;
			buildConfigurationList = 54594B661D8D491700BC5BC0 /* Build configuration list for PBXNativeTarget "Checklists" */;
			buildPhases = (
				54594B501D8D491700BC5BC0 /* Sources */,
				54594B511D8D491700BC5BC0 /* Frameworks */,
				54594B521D8D491700BC5BC0 /* Resources */,
			);
			buildRules = (
			);
			dependencies = (
			);
			name = Checklists;
			productName = Checklists;
			productReference = 54594B541D8D491700BC5BC0 /* Checklists.app */;
			productType = "com.apple.product-type.application";
		};
/* End PBXNativeTarget section */

/* Begin PBXProject section */
		54594B4C1D8D491700BC5BC0 /* Project object */ = {
			isa = PBXProject;
			attributes = {
				LastSwiftUpdateCheck = 0800;
				LastUpgradeCheck = 0800;
				ORGANIZATIONNAME = Daylight;
				TargetAttributes = {
					54594B531D8D491700BC5BC0 = {
						CreatedOnToolsVersion = 8.0;
						DevelopmentTeam = 35TJL4Y5T9;
						ProvisioningStyle = Automatic;
					};
				};
			};
			buildConfigurationList = 54594B4F1D8D491700BC5BC0 /* Build configuration list for PBXProject "Checklists" */;
			compatibilityVersion = "Xcode 3.2";
			developmentRegion = English;
			hasScannedForEncodings = 0;
			knownRegions = (
				en,
				Base,
			);
			mainGroup = 54594B4B1D8D491700BC5BC0;
			productRefGroup = 54594B551D8D491700BC5BC0 /* Products */;
			projectDirPath = "";
			projectRoot = "";
			targets = (
				54594B531D8D491700BC5BC0 /* Checklists */,
			);
		};
/* End PBXProject section */

/* Begin PBXResourcesBuildPhase section */
		54594B521D8D491700BC5BC0 /* Resources */ = {
			isa = PBXResourcesBuildPhase;
			buildActionMask = 2147483647;
			files = (
				54594B621D8D491700BC5BC0 /* LaunchScreen.storyboard in Resources */,
				54594B5F1D8D491700BC5BC0 /* Assets.xcassets in Resources */,
				54594B5D1D8D491700BC5BC0 /* Main.storyboard in Resources */,
			);
			runOnlyForDeploymentPostprocessing = 0;
		};
/* End PBXResourcesBuildPhase section */

/* Begin PBXSourcesBuildPhase section */
		54594B501D8D491700BC5BC0 /* Sources */ = {
			isa = PBXSourcesBuildPhase;
			buildActionMask = 2147483647;
			files = (
				54594B5A1D8D491700BC5BC0 /* ChecklistViewController.swift in Sources */,
				546FED491D90169900F37955 /* ListDetailViewController.swift in Sources */,
				54056BC51D8E3E35005522CA /* ItemDetailViewController.swift in Sources */,
				546FED471D8FD76100F37955 /* Checklist.swift in Sources */,
				542A73001D8D7022001930DA /* ChecklistItem.swift in Sources */,
				545FDB0C1D92723800ECB9AE /* DataModel.swift in Sources */,
				546FED451D8FC61600F37955 /* AllListsViewController.swift in Sources */,
				54594B581D8D491700BC5BC0 /* AppDelegate.swift in Sources */,
			);
			runOnlyForDeploymentPostprocessing = 0;
		};
/* End PBXSourcesBuildPhase section */

/* Begin PBXVariantGroup section */
		54594B5B1D8D491700BC5BC0 /* Main.storyboard */ = {
			isa = PBXVariantGroup;
			children = (
				54594B5C1D8D491700BC5BC0 /* Base */,
			);
			name = Main.storyboard;
			sourceTree = "<group>";
		};
		54594B601D8D491700BC5BC0 /* LaunchScreen.storyboard */ = {
			isa = PBXVariantGroup;
			children = (
				54594B611D8D491700BC5BC0 /* Base */,
			);
			name = LaunchScreen.storyboard;
			sourceTree = "<group>";
		};
/* End PBXVariantGroup section */

/* Begin XCBuildConfiguration section */
		54594B641D8D491700BC5BC0 /* Debug */ = {
			isa = XCBuildConfiguration;
			buildSettings = {
				ALWAYS_SEARCH_USER_PATHS = NO;
				CLANG_ANALYZER_NONNULL = YES;
				CLANG_CXX_LANGUAGE_STANDARD = "gnu++0x";
				CLANG_CXX_LIBRARY = "libc++";
				CLANG_ENABLE_MODULES = YES;
				CLANG_ENABLE_OBJC_ARC = YES;
				CLANG_WARN_BOOL_CONVERSION = YES;
				CLANG_WARN_CONSTANT_CONVERSION = YES;
				CLANG_WARN_DIRECT_OBJC_ISA_USAGE = YES_ERROR;
				CLANG_WARN_DOCUMENTATION_COMMENTS = YES;
				CLANG_WARN_EMPTY_BODY = YES;
				CLANG_WARN_ENUM_CONVERSION = YES;
				CLANG_WARN_INFINITE_RECURSION = YES;
				CLANG_WARN_INT_CONVERSION = YES;
				CLANG_WARN_OBJC_ROOT_CLASS = YES_ERROR;
				CLANG_WARN_SUSPICIOUS_MOVES = YES;
				CLANG_WARN_UNREACHABLE_CODE = YES;
				CLANG_WARN__DUPLICATE_METHOD_MATCH = YES;
				"CODE_SIGN_IDENTITY[sdk=iphoneos*]" = "iPhone Developer";
				COPY_PHASE_STRIP = NO;
				DEBUG_INFORMATION_FORMAT = dwarf;
				ENABLE_STRICT_OBJC_MSGSEND = YES;
				ENABLE_TESTABILITY = YES;
				GCC_C_LANGUAGE_STANDARD = gnu99;
				GCC_DYNAMIC_NO_PIC = NO;
				GCC_NO_COMMON_BLOCKS = YES;
				GCC_OPTIMIZATION_LEVEL = 0;
				GCC_PREPROCESSOR_DEFINITIONS = (
					"DEBUG=1",
					"$(inherited)",
				);
				GCC_WARN_64_TO_32_BIT_CONVERSION = YES;
				GCC_WARN_ABOUT_RETURN_TYPE = YES_ERROR;
				GCC_WARN_UNDECLARED_SELECTOR = YES;
				GCC_WARN_UNINITIALIZED_AUTOS = YES_AGGRESSIVE;
				GCC_WARN_UNUSED_FUNCTION = YES;
				GCC_WARN_UNUSED_VARIABLE = YES;
				IPHONEOS_DEPLOYMENT_TARGET = 10.0;
				MTL_ENABLE_DEBUG_INFO = YES;
				ONLY_ACTIVE_ARCH = YES;
				SDKROOT = iphoneos;
				SWIFT_ACTIVE_COMPILATION_CONDITIONS = DEBUG;
				SWIFT_OPTIMIZATION_LEVEL = "-Onone";
			};
			name = Debug;
		};
		54594B651D8D491700BC5BC0 /* Release */ = {
			isa = XCBuildConfiguration;
			buildSettings = {
				ALWAYS_SEARCH_USER_PATHS = NO;
				CLANG_ANALYZER_NONNULL = YES;
				CLANG_CXX_LANGUAGE_STANDARD = "gnu++0x";
				CLANG_CXX_LIBRARY = "libc++";
				CLANG_ENABLE_MODULES = YES;
				CLANG_ENABLE_OBJC_ARC = YES;
				CLANG_WARN_BOOL_CONVERSION = YES;
				CLANG_WARN_CONSTANT_CONVERSION = YES;
				CLANG_WARN_DIRECT_OBJC_ISA_USAGE = YES_ERROR;
				CLANG_WARN_DOCUMENTATION_COMMENTS = YES;
				CLANG_WARN_EMPTY_BODY = YES;
				CLANG_WARN_ENUM_CONVERSION = YES;
				CLANG_WARN_INFINITE_RECURSION = YES;
				CLANG_WARN_INT_CONVERSION = YES;
				CLANG_WARN_OBJC_ROOT_CLASS = YES_ERROR;
				CLANG_WARN_SUSPICIOUS_MOVES = YES;
				CLANG_WARN_UNREACHABLE_CODE = YES;
				CLANG_WARN__DUPLICATE_METHOD_MATCH = YES;
				"CODE_SIGN_IDENTITY[sdk=iphoneos*]" = "iPhone Developer";
				COPY_PHASE_STRIP = NO;
				DEBUG_INFORMATION_FORMAT = "dwarf-with-dsym";
				ENABLE_NS_ASSERTIONS = NO;
				ENABLE_STRICT_OBJC_MSGSEND = YES;
				GCC_C_LANGUAGE_STANDARD = gnu99;
				GCC_NO_COMMON_BLOCKS = YES;
				GCC_WARN_64_TO_32_BIT_CONVERSION = YES;
				GCC_WARN_ABOUT_RETURN_TYPE = YES_ERROR;
				GCC_WARN_UNDECLARED_SELECTOR = YES;
				GCC_WARN_UNINITIALIZED_AUTOS = YES_AGGRESSIVE;
				GCC_WARN_UNUSED_FUNCTION = YES;
				GCC_WARN_UNUSED_VARIABLE = YES;
				IPHONEOS_DEPLOYMENT_TARGET = 10.0;
				MTL_ENABLE_DEBUG_INFO = NO;
				SDKROOT = iphoneos;
				SWIFT_OPTIMIZATION_LEVEL = "-Owholemodule";
				VALIDATE_PRODUCT = YES;
			};
			name = Release;
		};
		54594B671D8D491700BC5BC0 /* Debug */ = {
			isa = XCBuildConfiguration;
			buildSettings = {
				ASSETCATALOG_COMPILER_APPICON_NAME = AppIcon;
				DEVELOPMENT_TEAM = 35TJL4Y5T9;
				INFOPLIST_FILE = Checklists/Info.plist;
				LD_RUNPATH_SEARCH_PATHS = "$(inherited) @executable_path/Frameworks";
				PRODUCT_BUNDLE_IDENTIFIER = com.daylightdesign.Checklists;
				PRODUCT_NAME = "$(TARGET_NAME)";
				SWIFT_VERSION = 3.0;
			};
			name = Debug;
		};
		54594B681D8D491700BC5BC0 /* Release */ = {
			isa = XCBuildConfiguration;
			buildSettings = {
				ASSETCATALOG_COMPILER_APPICON_NAME = AppIcon;
				DEVELOPMENT_TEAM = 35TJL4Y5T9;
				INFOPLIST_FILE = Checklists/Info.plist;
				LD_RUNPATH_SEARCH_PATHS = "$(inherited) @executable_path/Frameworks";
				PRODUCT_BUNDLE_IDENTIFIER = com.daylightdesign.Checklists;
				PRODUCT_NAME = "$(TARGET_NAME)";
				SWIFT_VERSION = 3.0;
			};
			name = Release;
		};
/* End XCBuildConfiguration section */

/* Begin XCConfigurationList section */
		54594B4F1D8D491700BC5BC0 /* Build configuration list for PBXProject "Checklists" */ = {
			isa = XCConfigurationList;
			buildConfigurations = (
				54594B641D8D491700BC5BC0 /* Debug */,
				54594B651D8D491700BC5BC0 /* Release */,
			);
			defaultConfigurationIsVisible = 0;
			defaultConfigurationName = Release;
		};
		54594B661D8D491700BC5BC0 /* Build configuration list for PBXNativeTarget "Checklists" */ = {
			isa = XCConfigurationList;
			buildConfigurations = (
				54594B671D8D491700BC5BC0 /* Debug */,
				54594B681D8D491700BC5BC0 /* Release */,
			);
			defaultConfigurationIsVisible = 0;
			defaultConfigurationName = Release;
		};
/* End XCConfigurationList section */
	};
	rootObject = 54594B4C1D8D491700BC5BC0 /* Project object */;
}
